{
  "object": {
    "pins": [
      {
        "package": "CSDL2",
        "repositoryURL": "https://github.com/PureSwift/CSDL2.git",
        "state": {
          "branch": "master",
          "revision": "7cfe34d9d12cf7fe958c42c2f37577bd01c703e4",
          "version": null
        }
      },
      {
        "package": "FirebladeECS",
        "repositoryURL": "https://github.com/fireblade-engine/ecs.git",
        "state": {
          "branch": null,
          "revision": "4a0ad2f58d6065f2781e0864c984dbae2fd5e73e",
          "version": "0.4.0"
        }
      }
    ]
  },
  "version": 1
}
