{
  "object": {
    "pins": [
      {
        "package": "CSDL2",
        "repositoryURL": "https://github.com/ctreffs/CSDL2.git",
        "state": {
          "branch": null,
          "revision": "f479e66a908e9e6b557c7d8788b4ba678c387033",
          "version": "1.0.0"
        }
      },
      {
        "package": "FirebladeECS",
        "repositoryURL": "https://github.com/fireblade-engine/ecs.git",
        "state": {
          "branch": null,
          "revision": "3f9bdf701f1221385d28926f8a467701724cde71",
          "version": "0.7.0"
        }
      }
    ]
  },
  "version": 1
}
