{
  "object": {
    "pins": [
      {
        "package": "FirebladeECS",
        "repositoryURL": "https://github.com/fireblade-engine/ecs.git",
        "state": {
          "branch": null,
          "revision": "36e8c79e822ad28d68302709681a5605b87aa6e4",
          "version": "0.16.0"
        }
      },
      {
        "package": "SDL2",
        "repositoryURL": "https://github.com/ctreffs/SwiftSDL2.git",
        "state": {
          "branch": null,
          "revision": "8f41b0102b5f69f38763635bc8118d469ac7193b",
          "version": "1.1.0"
        }
      }
    ]
  },
  "version": 1
}
